
Microsoft Visual Studio Solution File, Format Version 10.00
# Visual Studio 2008
Project("{F184B08F-C81C-45F6-A57F-5ABD9991F28F}") = "XBlog", "XBlog\XBlog.vbproj", "{B929C5C0-C208-427E-A514-6829D71A4849}"
EndProject
Project("{F184B08F-C81C-45F6-A57F-5ABD9991F28F}") = "XBLib", "XBLib\XBLib.vbproj", "{CF2F4583-8B89-4813-972D-77C165E559E8}"
EndProject
Project("{F184B08F-C81C-45F6-A57F-5ABD9991F28F}") = "XBTest", "XBTest\XBTest.vbproj", "{71FBEBA9-14CD-45CF-8990-D0E61041A2C2}"
EndProject
Global
	GlobalSection(SolutionConfigurationPlatforms) = preSolution
		Debug|Any CPU = Debug|Any CPU
		Release|Any CPU = Release|Any CPU
	EndGlobalSection
	GlobalSection(ProjectConfigurationPlatforms) = postSolution
		{B929C5C0-C208-427E-A514-6829D71A4849}.Debug|Any CPU.ActiveCfg = Debug|Any CPU
		{B929C5C0-C208-427E-A514-6829D71A4849}.Debug|Any CPU.Build.0 = Debug|Any CPU
		{B929C5C0-C208-427E-A514-6829D71A4849}.Release|Any CPU.ActiveCfg = Release|Any CPU
		{B929C5C0-C208-427E-A514-6829D71A4849}.Release|Any CPU.Build.0 = Release|Any CPU
		{CF2F4583-8B89-4813-972D-77C165E559E8}.Debug|Any CPU.ActiveCfg = Debug|Any CPU
		{CF2F4583-8B89-4813-972D-77C165E559E8}.Debug|Any CPU.Build.0 = Debug|Any CPU
		{CF2F4583-8B89-4813-972D-77C165E559E8}.Release|Any CPU.ActiveCfg = Release|Any CPU
		{CF2F4583-8B89-4813-972D-77C165E559E8}.Release|Any CPU.Build.0 = Release|Any CPU
		{71FBEBA9-14CD-45CF-8990-D0E61041A2C2}.Debug|Any CPU.ActiveCfg = Debug|Any CPU
		{71FBEBA9-14CD-45CF-8990-D0E61041A2C2}.Debug|Any CPU.Build.0 = Debug|Any CPU
		{71FBEBA9-14CD-45CF-8990-D0E61041A2C2}.Release|Any CPU.ActiveCfg = Release|Any CPU
		{71FBEBA9-14CD-45CF-8990-D0E61041A2C2}.Release|Any CPU.Build.0 = Release|Any CPU
	EndGlobalSection
	GlobalSection(SolutionProperties) = preSolution
		HideSolutionNode = FALSE
	EndGlobalSection
	GlobalSection(ExtensibilityGlobals) = postSolution
		VisualSVNWorkingCopyRoot = .
	EndGlobalSection
EndGlobal
